
Microsoft Visual Studio Solution File, Format Version 12.00
# Visual Studio Version 17
VisualStudioVersion = 17.5.33530.505
MinimumVisualStudioVersion = 10.0.40219.1
Project("{FAE04EC0-301F-11D3-BF4B-00C04F79EFBC}") = "PracticaMVC", "PracticaMVC\PracticaMVC.csproj", "{B1D392A7-FFB4-47B2-9ED7-622F0777DBD7}"
EndProject
Global
	GlobalSection(SolutionConfigurationPlatforms) = preSolution
		Debug|Any CPU = Debug|Any CPU
		Release|Any CPU = Release|Any CPU
	EndGlobalSection
	GlobalSection(ProjectConfigurationPlatforms) = postSolution
		{B1D392A7-FFB4-47B2-9ED7-622F0777DBD7}.Debug|Any CPU.ActiveCfg = Debug|Any CPU
		{B1D392A7-FFB4-47B2-9ED7-622F0777DBD7}.Debug|Any CPU.Build.0 = Debug|Any CPU
		{B1D392A7-FFB4-47B2-9ED7-622F0777DBD7}.Release|Any CPU.ActiveCfg = Release|Any CPU
		{B1D392A7-FFB4-47B2-9ED7-622F0777DBD7}.Release|Any CPU.Build.0 = Release|Any CPU
	EndGlobalSection
	GlobalSection(SolutionProperties) = preSolution
		HideSolutionNode = FALSE
	EndGlobalSection
	GlobalSection(ExtensibilityGlobals) = postSolution
		SolutionGuid = {50460CF6-17D8-4EFE-BEB5-11034BE61C70}
	EndGlobalSection
EndGlobal
